// !$*UTF8*$!
{
	archiveVersion = 1;
	classes = {
	};
	objectVersion = 46;
	objects = {

/* Begin PBXGroup section */
		DC11C2311B7FFE4900851280 = {
			isa = PBXGroup;
			children = (
			);
			sourceTree = "<group>";
		};
/* End PBXGroup section */

/* Begin PBXProject section */
		DC11C2321B7FFE4900851280 /* Project object */ = {
			isa = PBXProject;
			attributes = {
				LastUpgradeCheck = 0640;
			};
			buildConfigurationList = DC11C2351B7FFE4900851280 /* Build configuration list for PBXProject "ISStego Tests" */;
			compatibilityVersion = "Xcode 3.2";
			developmentRegion = English;
			hasScannedForEncodings = 0;
			knownRegions = (
				en,
			);
			mainGroup = DC11C2311B7FFE4900851280;
			projectDirPath = "";
			projectRoot = "";
			targets = (
			);
		};
/* End PBXProject section */

/* Begin XCBuildConfiguration section */
		DC11C2361B7FFE4900851280 /* Debug */ = {
			isa = XCBuildConfiguration;
			buildSettings = {
			};
			name = Debug;
		};
		DC11C2371B7FFE4900851280 /* Release */ = {
			isa = XCBuildConfiguration;
			buildSettings = {
			};
			name = Release;
		};
/* End XCBuildConfiguration section */

/* Begin XCConfigurationList section */
		DC11C2351B7FFE4900851280 /* Build configuration list for PBXProject "ISStego Tests" */ = {
			isa = XCConfigurationList;
			buildConfigurations = (
				DC11C2361B7FFE4900851280 /* Debug */,
				DC11C2371B7FFE4900851280 /* Release */,
			);
			defaultConfigurationIsVisible = 0;
			defaultConfigurationName = Release;
		};
/* End XCConfigurationList section */
	};
	rootObject = DC11C2321B7FFE4900851280 /* Project object */;
}
